{
  "projects": [
    {
      "projectId": "sqPBLwEBBKHA2WDuGb17eV",
      "version": "0.12.0",
      "dependencies": {},
      "lang": "ts",
      "fileLocks": [
        {
          "assetId": "sqPBLwEBBKHA2WDuGb17eV",
          "type": "projectCss",
          "checksum": "e1ec850476829c38b0f9b6d4f7ac446a"
        },
        {
          "type": "renderModule",
          "assetId": "5nirPCGmCnRD",
          "checksum": "ee7e08729f1dc171f995cf94e148f481"
        },
        {
          "type": "cssRules",
          "assetId": "5nirPCGmCnRD",
          "checksum": "ee7e08729f1dc171f995cf94e148f481"
        },
        {
          "type": "icon",
          "assetId": "Wyt3GMMsLefj",
          "checksum": "d8c88f04735c43b3f7790b0889d20e0c"
        },
        {
          "type": "icon",
          "assetId": "MbDRsJU0e3bw",
          "checksum": "92672aa6935120ebaac11939d8d127bb"
        }
      ],
      "codegenVersion": "0.0.1"
    },
    {
      "projectId": "caTPwKxj5ZrD9LQ7DMdK4Z",
      "version": "3.36.0",
      "dependencies": {},
      "lang": "ts",
      "fileLocks": [
        {
          "assetId": "caTPwKxj5ZrD9LQ7DMdK4Z",
          "type": "projectCss",
          "checksum": "e1ec850476829c38b0f9b6d4f7ac446a"
        }
      ],
      "codegenVersion": "0.0.1"
    },
    {
      "projectId": "enk3K4vZ6pmH6kVCoZJXGn",
      "version": "4.23.0",
      "dependencies": {},
      "lang": "ts",
      "fileLocks": [
        {
          "assetId": "enk3K4vZ6pmH6kVCoZJXGn",
          "type": "projectCss",
          "checksum": "46129a8140f7bf604dec903e19777f53"
        }
      ],
      "codegenVersion": "0.0.1"
    },
    {
      "projectId": "9Vr5YWkf3w7jj6SsTcCEta",
      "version": "0.10.0",
      "dependencies": {},
      "lang": "ts",
      "fileLocks": [
        {
          "assetId": "9Vr5YWkf3w7jj6SsTcCEta",
          "type": "projectCss",
          "checksum": "e1ec850476829c38b0f9b6d4f7ac446a"
        }
      ],
      "codegenVersion": "0.0.1"
    },
    {
      "projectId": "jkU633o1Cz7HrJdwdxhVHk",
      "version": "16.10.0",
      "dependencies": {},
      "lang": "ts",
      "fileLocks": [
        {
          "assetId": "jkU633o1Cz7HrJdwdxhVHk",
          "type": "projectCss",
          "checksum": "0581d4378bb1604bb5fe3f65bb0a37de"
        }
      ],
      "codegenVersion": "0.0.1"
    },
    {
      "projectId": "ohDidvG9XsCeFumugENU3J",
      "version": "6.24.0",
      "dependencies": {},
      "lang": "ts",
      "fileLocks": [
        {
          "assetId": "ohDidvG9XsCeFumugENU3J",
          "type": "projectCss",
          "checksum": "fd83b730367fdbde2c69bc6cf31c2a3c"
        },
        {
          "assetId": "ohDidvG9XsCeFumugENU3J",
          "checksum": "de0a0e65174a6a185a8f822af51c6bdd",
          "type": "globalContexts"
        }
      ],
      "codegenVersion": "0.0.1"
    },
    {
      "projectId": "caYJwnGE8e7sjdEDGdZ8Mn",
      "version": "latest",
      "dependencies": {
        "ohDidvG9XsCeFumugENU3J": "6.24.0",
        "jkU633o1Cz7HrJdwdxhVHk": "16.10.0",
        "9Vr5YWkf3w7jj6SsTcCEta": "0.10.0",
        "enk3K4vZ6pmH6kVCoZJXGn": "4.23.0",
        "caTPwKxj5ZrD9LQ7DMdK4Z": "3.36.0",
        "sqPBLwEBBKHA2WDuGb17eV": "0.12.0"
      },
      "lang": "ts",
      "fileLocks": [
        {
          "type": "globalVariant",
          "assetId": "I11DkP2aIizx",
          "checksum": "dbbc2d984cbe4b5f1a82a38d77345f44"
        },
        {
          "assetId": "caYJwnGE8e7sjdEDGdZ8Mn",
          "checksum": "4dbc214e1dac86c665c0c9dc0f3052a1",
          "type": "globalContexts"
        },
        {
          "type": "renderModule",
          "assetId": "1GXLRtCu84qb",
          "checksum": "bab70ddd727400940b4a0ad2bf2bf51d"
        },
        {
          "type": "cssRules",
          "assetId": "1GXLRtCu84qb",
          "checksum": "bab70ddd727400940b4a0ad2bf2bf51d"
        },
        {
          "type": "renderModule",
          "assetId": "B3wuV0yFpuAb",
          "checksum": "6863377e09aed3f4c340921b42ec230e"
        },
        {
          "type": "cssRules",
          "assetId": "B3wuV0yFpuAb",
          "checksum": "6863377e09aed3f4c340921b42ec230e"
        },
        {
          "type": "renderModule",
          "assetId": "6PHcrW1VaECJ",
          "checksum": "61b37cce7e7b4cfafa2a210ca9230071"
        },
        {
          "type": "cssRules",
          "assetId": "6PHcrW1VaECJ",
          "checksum": "61b37cce7e7b4cfafa2a210ca9230071"
        },
        {
          "type": "renderModule",
          "assetId": "cxmDVFaETKVm",
          "checksum": "0feb470240ad35cfe5df5febdea86ecb"
        },
        {
          "type": "cssRules",
          "assetId": "cxmDVFaETKVm",
          "checksum": "0feb470240ad35cfe5df5febdea86ecb"
        },
        {
          "type": "renderModule",
          "assetId": "XP7ERyRItwEc",
          "checksum": "f5a4ae8fc8504299aad1ea885a8ba949"
        },
        {
          "type": "cssRules",
          "assetId": "XP7ERyRItwEc",
          "checksum": "f5a4ae8fc8504299aad1ea885a8ba949"
        },
        {
          "type": "renderModule",
          "assetId": "NYPxavYZgL5c",
          "checksum": "9d67984e39e5e2161a1934cd7541b7f6"
        },
        {
          "type": "cssRules",
          "assetId": "NYPxavYZgL5c",
          "checksum": "9d67984e39e5e2161a1934cd7541b7f6"
        },
        {
          "type": "renderModule",
          "assetId": "YULG3jSYOMFQ",
          "checksum": "227a51bc45d154ec94310bd9b74727d8"
        },
        {
          "type": "cssRules",
          "assetId": "YULG3jSYOMFQ",
          "checksum": "227a51bc45d154ec94310bd9b74727d8"
        },
        {
          "type": "renderModule",
          "assetId": "0y3S2cDJoF53",
          "checksum": "fa2b5a14f75c9c8204ce12320513b6b6"
        },
        {
          "type": "cssRules",
          "assetId": "0y3S2cDJoF53",
          "checksum": "fa2b5a14f75c9c8204ce12320513b6b6"
        },
        {
          "type": "renderModule",
          "assetId": "WZoyHTM8sq2k",
          "checksum": "308f6dfb71d7d8769cf7d615c776f6e9"
        },
        {
          "type": "cssRules",
          "assetId": "WZoyHTM8sq2k",
          "checksum": "308f6dfb71d7d8769cf7d615c776f6e9"
        },
        {
          "type": "renderModule",
          "assetId": "pDYCOvxVpPrq",
          "checksum": "028d70bcd8c280bd4cfab83b242d63c6"
        },
        {
          "type": "cssRules",
          "assetId": "pDYCOvxVpPrq",
          "checksum": "028d70bcd8c280bd4cfab83b242d63c6"
        },
        {
          "type": "renderModule",
          "assetId": "S9n513CcjZ1s",
          "checksum": "83b5eeeaa9a04f739f1e12d3158732b7"
        },
        {
          "type": "cssRules",
          "assetId": "S9n513CcjZ1s",
          "checksum": "83b5eeeaa9a04f739f1e12d3158732b7"
        },
        {
          "type": "renderModule",
          "assetId": "JUxn2XBn0t7c",
          "checksum": "4a874c90a56da75f95cd31417e132637"
        },
        {
          "type": "cssRules",
          "assetId": "JUxn2XBn0t7c",
          "checksum": "4a874c90a56da75f95cd31417e132637"
        },
        {
          "type": "renderModule",
          "assetId": "eJMIk6ItBYmr",
          "checksum": "4f090801716df2ba5e8cb4c41f3caff8"
        },
        {
          "type": "cssRules",
          "assetId": "eJMIk6ItBYmr",
          "checksum": "4f090801716df2ba5e8cb4c41f3caff8"
        },
        {
          "type": "renderModule",
          "assetId": "djal9o0sNw5Z",
          "checksum": "481a3817482e0c16d1544b1bed199e8f"
        },
        {
          "type": "cssRules",
          "assetId": "djal9o0sNw5Z",
          "checksum": "481a3817482e0c16d1544b1bed199e8f"
        },
        {
          "type": "renderModule",
          "assetId": "LgLkL1IY9Kd7",
          "checksum": "924eba6e5fef8d68778be56dcfb0b758"
        },
        {
          "type": "cssRules",
          "assetId": "LgLkL1IY9Kd7",
          "checksum": "924eba6e5fef8d68778be56dcfb0b758"
        },
        {
          "type": "renderModule",
          "assetId": "1kZkZqOVjhEp",
          "checksum": "12abc10d5505ef160d8ab895832614c0"
        },
        {
          "type": "cssRules",
          "assetId": "1kZkZqOVjhEp",
          "checksum": "12abc10d5505ef160d8ab895832614c0"
        },
        {
          "type": "renderModule",
          "assetId": "j2dRldx_wx2K",
          "checksum": "ad1df771a5e07dd48fd9349b1ca09063"
        },
        {
          "type": "cssRules",
          "assetId": "j2dRldx_wx2K",
          "checksum": "ad1df771a5e07dd48fd9349b1ca09063"
        },
        {
          "type": "renderModule",
          "assetId": "YIcLcwJyKM_m",
          "checksum": "3821f3c0a00b8d8d892bc6e636174e4e"
        },
        {
          "type": "cssRules",
          "assetId": "YIcLcwJyKM_m",
          "checksum": "3821f3c0a00b8d8d892bc6e636174e4e"
        },
        {
          "type": "renderModule",
          "assetId": "IyWaNzJBWsfp",
          "checksum": "249aed966b2a1163313ceb37d515e160"
        },
        {
          "type": "cssRules",
          "assetId": "IyWaNzJBWsfp",
          "checksum": "249aed966b2a1163313ceb37d515e160"
        },
        {
          "type": "renderModule",
          "assetId": "sqPtJf-a2XF_",
          "checksum": "9d5cfb1dd2739da9465a975478de60c8"
        },
        {
          "type": "cssRules",
          "assetId": "sqPtJf-a2XF_",
          "checksum": "9d5cfb1dd2739da9465a975478de60c8"
        },
        {
          "type": "renderModule",
          "assetId": "njj1w7VzCKWd",
          "checksum": "ee2aa37f919391a49153bec736204886"
        },
        {
          "type": "cssRules",
          "assetId": "njj1w7VzCKWd",
          "checksum": "ee2aa37f919391a49153bec736204886"
        },
        {
          "type": "renderModule",
          "assetId": "3uLftkNYP6A1",
          "checksum": "210145d99664899bb0b26bc33c181316"
        },
        {
          "type": "cssRules",
          "assetId": "3uLftkNYP6A1",
          "checksum": "210145d99664899bb0b26bc33c181316"
        },
        {
          "type": "renderModule",
          "assetId": "EfH3NtWuMgv5",
          "checksum": "cc5512f8b82d5818beef30562742cf92"
        },
        {
          "type": "cssRules",
          "assetId": "EfH3NtWuMgv5",
          "checksum": "cc5512f8b82d5818beef30562742cf92"
        },
        {
          "type": "renderModule",
          "assetId": "LjKKSG11Z_lM",
          "checksum": "835463a3157da1fedc8a2cff8bea9990"
        },
        {
          "type": "cssRules",
          "assetId": "LjKKSG11Z_lM",
          "checksum": "835463a3157da1fedc8a2cff8bea9990"
        },
        {
          "type": "renderModule",
          "assetId": "o3oZYEKoxEAj",
          "checksum": "39d60bf22df52ee694e93c93f466e3b3"
        },
        {
          "type": "cssRules",
          "assetId": "o3oZYEKoxEAj",
          "checksum": "39d60bf22df52ee694e93c93f466e3b3"
        },
        {
          "type": "renderModule",
          "assetId": "zn23Z2gdz2Zo",
          "checksum": "603ccf3fb8e2f4635d78a95ca00e185d"
        },
        {
          "type": "cssRules",
          "assetId": "zn23Z2gdz2Zo",
          "checksum": "603ccf3fb8e2f4635d78a95ca00e185d"
        },
        {
          "type": "renderModule",
          "assetId": "IomJSDy0xeaB",
          "checksum": "b45abc1648d4be27a366a2b108aa54bd"
        },
        {
          "type": "cssRules",
          "assetId": "IomJSDy0xeaB",
          "checksum": "b45abc1648d4be27a366a2b108aa54bd"
        },
        {
          "type": "renderModule",
          "assetId": "NdEj1AF27lJT",
          "checksum": "ff5e158c2e589a7e68948f0dcfa4ff63"
        },
        {
          "type": "cssRules",
          "assetId": "NdEj1AF27lJT",
          "checksum": "ff5e158c2e589a7e68948f0dcfa4ff63"
        },
        {
          "type": "renderModule",
          "assetId": "zc8THUkZD2UE",
          "checksum": "ab51548e2e28f98577dbcd614f065b7f"
        },
        {
          "type": "cssRules",
          "assetId": "zc8THUkZD2UE",
          "checksum": "ab51548e2e28f98577dbcd614f065b7f"
        },
        {
          "type": "renderModule",
          "assetId": "wH59O4PNxuN6",
          "checksum": "adcc09b40b83378b1c56df100650edcf"
        },
        {
          "type": "cssRules",
          "assetId": "wH59O4PNxuN6",
          "checksum": "adcc09b40b83378b1c56df100650edcf"
        },
        {
          "type": "renderModule",
          "assetId": "vnLxTYkbvH4z",
          "checksum": "e11255ef9bc9896b93b8e2db7e480e46"
        },
        {
          "type": "cssRules",
          "assetId": "vnLxTYkbvH4z",
          "checksum": "e11255ef9bc9896b93b8e2db7e480e46"
        },
        {
          "type": "renderModule",
          "assetId": "g0p3x32RnQwi",
          "checksum": "af8a7cbaf59e1dfc7e8a056190ad987b"
        },
        {
          "type": "cssRules",
          "assetId": "g0p3x32RnQwi",
          "checksum": "af8a7cbaf59e1dfc7e8a056190ad987b"
        },
        {
          "type": "renderModule",
          "assetId": "Talf5qXraSjO",
          "checksum": "837b05683c4df17945a7605c4a421ec4"
        },
        {
          "type": "cssRules",
          "assetId": "Talf5qXraSjO",
          "checksum": "837b05683c4df17945a7605c4a421ec4"
        },
        {
          "type": "icon",
          "assetId": "LX7RS1EsGJqI",
          "checksum": "3cd1a972594b0f06bb5e10d787e5c170"
        },
        {
          "type": "icon",
          "assetId": "SFHXuVirMUc4",
          "checksum": "c326d4f2e7a0df4040bcc41fe348144f"
        },
        {
          "type": "icon",
          "assetId": "Hajl2SEOhbiC",
          "checksum": "b3439b895fe4de38da34a8dfded19fed"
        },
        {
          "type": "icon",
          "assetId": "v7N5IrxbrqIP",
          "checksum": "fe51236279b953a9ca203368f01ff730"
        },
        {
          "type": "icon",
          "assetId": "JVwqhgE0B7cn",
          "checksum": "89d6eeb2e1c01f9b07848e99583d8848"
        },
        {
          "type": "image",
          "assetId": "Q9SbamTsurgN",
          "checksum": "0c7a2a3af18fae0fde8bc9a32db95c4c"
        },
        {
          "type": "image",
          "assetId": "BZ3ZeH2T-017",
          "checksum": "ec3b9ddeee5da9383715318b20e64580"
        },
        {
          "type": "image",
          "assetId": "WsQyRuBfpxwJ",
          "checksum": "1e07d66a56c6b62f6e1a4cecc1aa455f"
        },
        {
          "type": "image",
          "assetId": "f7G99gtWNycc",
          "checksum": "afeddfd4439d0f4d780c735057636c8e"
        },
        {
          "type": "image",
          "assetId": "IR8vEDQadjEp",
          "checksum": "0f0273ee65c87cd93419271304622487"
        },
        {
          "type": "image",
          "assetId": "JEV8hOBIHHit",
          "checksum": "0a013ffca99b1534eacaf8108a593784"
        },
        {
          "type": "image",
          "assetId": "54TRYsA8qsXd",
          "checksum": "c601eee6fa86430308717298a476559d"
        },
        {
          "type": "image",
          "assetId": "5jjkimAVvThf",
          "checksum": "289534cea8f721cc2b69db3f72542dc2"
        },
        {
          "type": "image",
          "assetId": "lmEj21wIvLeX",
          "checksum": "875c11e9f830f412ec87ff9f5ffd949c"
        },
        {
          "type": "image",
          "assetId": "3wNCIDifCzbJ",
          "checksum": "66c5b96fbfb63b4cf0f822232073609d"
        },
        {
          "type": "image",
          "assetId": "VrO4wE6lxztU",
          "checksum": "812e1787bdbd7d00194dbaee6eccbcf6"
        },
        {
          "type": "image",
          "assetId": "i4Us87RJzsI3",
          "checksum": "ccd0c99200e20e9ceed6904c89b81162"
        },
        {
          "type": "image",
          "assetId": "JstOxWeQzQnh",
          "checksum": "57e890410644d5879c0312308be09686"
        },
        {
          "type": "image",
          "assetId": "Wnxx26oBnIUE",
          "checksum": "bb043b8ae394295578faf96a6872b478"
        },
        {
          "type": "image",
          "assetId": "MR9de8r8l78t",
          "checksum": "c1d43188391d6c3a5a6c665eb26d5f95"
        },
        {
          "type": "image",
          "assetId": "wVrd_JUp4x_h",
          "checksum": "1736be1be5429b7272f60262dcec366b"
        },
        {
          "type": "image",
          "assetId": "_UT9x66AtrJM",
          "checksum": "cda93e3e62a150828bd414829316a6e7"
        },
        {
          "type": "image",
          "assetId": "WqOBcIwVCHvx",
          "checksum": "94a9a41a8ccc8aaaa1dc76452e437897"
        },
        {
          "type": "image",
          "assetId": "NWME50Diogho",
          "checksum": "16902e963307be6ec1be138bdd1fc1ad"
        },
        {
          "type": "image",
          "assetId": "6r5DezVnyPeh",
          "checksum": "5148429e75848185ce8bb21d8beb542b"
        },
        {
          "type": "image",
          "assetId": "nD_IhV5zSTbE",
          "checksum": "e7acebd0e8fd1e241b52e7351b464075"
        },
        {
          "type": "image",
          "assetId": "6fmWJcYv-fmA",
          "checksum": "8b54d8cc3276da476e9870e3ea66e64e"
        },
        {
          "type": "image",
          "assetId": "3TYYggKN4PPC",
          "checksum": "8d89835017cdd41dfd8d9acdde74922b"
        },
        {
          "assetId": "caYJwnGE8e7sjdEDGdZ8Mn",
          "type": "projectCss",
          "checksum": "0d25dd6af09e29a04fd8e4dc904af338"
        }
      ],
      "codegenVersion": "0.0.1"
    }
  ],
  "cliVersion": "0.1.330"
}
